// !$*UTF8*$!
{
	archiveVersion = 1;
	classes = {
	};
	objectVersion = 46;
	objects = {

/* Begin PBXBuildFile section */
		30EC09FF1F0ABB230071F2AD /* AppDelegate.swift in Sources */ = {isa = PBXBuildFile; fileRef = 30EC09FE1F0ABB230071F2AD /* AppDelegate.swift */; };
		30EC0A011F0ABB230071F2AD /* ViewController.swift in Sources */ = {isa = PBXBuildFile; fileRef = 30EC0A001F0ABB230071F2AD /* ViewController.swift */; };
		30EC0A041F0ABB230071F2AD /* Main.storyboard in Resources */ = {isa = PBXBuildFile; fileRef = 30EC0A021F0ABB230071F2AD /* Main.storyboard */; };
		30EC0A061F0ABB230071F2AD /* Assets.xcassets in Resources */ = {isa = PBXBuildFile; fileRef = 30EC0A051F0ABB230071F2AD /* Assets.xcassets */; };
		30EC0A091F0ABB230071F2AD /* LaunchScreen.storyboard in Resources */ = {isa = PBXBuildFile; fileRef = 30EC0A071F0ABB230071F2AD /* LaunchScreen.storyboard */; };
		30EC0A111F0ABC280071F2AD /* verifyVC.swift in Sources */ = {isa = PBXBuildFile; fileRef = 30EC0A101F0ABC280071F2AD /* verifyVC.swift */; };
		30EC0A131F0ABC3A0071F2AD /* phoneVC.swift in Sources */ = {isa = PBXBuildFile; fileRef = 30EC0A121F0ABC3A0071F2AD /* phoneVC.swift */; };
		30EC0A181F0AC01C0071F2AD /* GoogleService-Info.plist in Resources */ = {isa = PBXBuildFile; fileRef = 30EC0A171F0AC01C0071F2AD /* GoogleService-Info.plist */; };
		4B80A6D03B58CBDB3A55C1E1 /* Pods_phone.framework in Frameworks */ = {isa = PBXBuildFile; fileRef = 2690A4CEC546D14E92E7A3A5 /* Pods_phone.framework */; };
/* End PBXBuildFile section */

/* Begin PBXFileReference section */
		2690A4CEC546D14E92E7A3A5 /* Pods_phone.framework */ = {isa = PBXFileReference; explicitFileType = wrapper.framework; includeInIndex = 0; path = Pods_phone.framework; sourceTree = BUILT_PRODUCTS_DIR; };
		30EC09FB1F0ABB230071F2AD /* phone.app */ = {isa = PBXFileReference; explicitFileType = wrapper.application; includeInIndex = 0; path = phone.app; sourceTree = BUILT_PRODUCTS_DIR; };
		30EC09FE1F0ABB230071F2AD /* AppDelegate.swift */ = {isa = PBXFileReference; lastKnownFileType = sourcecode.swift; path = AppDelegate.swift; sourceTree = "<group>"; };
		30EC0A001F0ABB230071F2AD /* ViewController.swift */ = {isa = PBXFileReference; lastKnownFileType = sourcecode.swift; path = ViewController.swift; sourceTree = "<group>"; };
		30EC0A031F0ABB230071F2AD /* Base */ = {isa = PBXFileReference; lastKnownFileType = file.storyboard; name = Base; path = Base.lproj/Main.storyboard; sourceTree = "<group>"; };
		30EC0A051F0ABB230071F2AD /* Assets.xcassets */ = {isa = PBXFileReference; lastKnownFileType = folder.assetcatalog; path = Assets.xcassets; sourceTree = "<group>"; };
		30EC0A081F0ABB230071F2AD /* Base */ = {isa = PBXFileReference; lastKnownFileType = file.storyboard; name = Base; path = Base.lproj/LaunchScreen.storyboard; sourceTree = "<group>"; };
		30EC0A0A1F0ABB230071F2AD /* Info.plist */ = {isa = PBXFileReference; lastKnownFileType = text.plist.xml; path = Info.plist; sourceTree = "<group>"; };
		30EC0A101F0ABC280071F2AD /* verifyVC.swift */ = {isa = PBXFileReference; fileEncoding = 4; lastKnownFileType = sourcecode.swift; path = verifyVC.swift; sourceTree = "<group>"; };
		30EC0A121F0ABC3A0071F2AD /* phoneVC.swift */ = {isa = PBXFileReference; fileEncoding = 4; lastKnownFileType = sourcecode.swift; path = phoneVC.swift; sourceTree = "<group>"; };
		30EC0A161F0ABE850071F2AD /* phone.entitlements */ = {isa = PBXFileReference; lastKnownFileType = text.plist.entitlements; path = phone.entitlements; sourceTree = "<group>"; };
		30EC0A171F0AC01C0071F2AD /* GoogleService-Info.plist */ = {isa = PBXFileReference; fileEncoding = 4; lastKnownFileType = text.plist.xml; path = "GoogleService-Info.plist"; sourceTree = "<group>"; };
		34A55214AF96B67C774A13FB /* Pods-phone.debug.xcconfig */ = {isa = PBXFileReference; includeInIndex = 1; lastKnownFileType = text.xcconfig; name = "Pods-phone.debug.xcconfig"; path = "Pods/Target Support Files/Pods-phone/Pods-phone.debug.xcconfig"; sourceTree = "<group>"; };
		4D5EE65BE4C6925B2AF10004 /* Pods-phone.release.xcconfig */ = {isa = PBXFileReference; includeInIndex = 1; lastKnownFileType = text.xcconfig; name = "Pods-phone.release.xcconfig"; path = "Pods/Target Support Files/Pods-phone/Pods-phone.release.xcconfig"; sourceTree = "<group>"; };
/* End PBXFileReference section */

/* Begin PBXFrameworksBuildPhase section */
		30EC09F81F0ABB230071F2AD /* Frameworks */ = {
			isa = PBXFrameworksBuildPhase;
			buildActionMask = 2147483647;
			files = (
				4B80A6D03B58CBDB3A55C1E1 /* Pods_phone.framework in Frameworks */,
			);
			runOnlyForDeploymentPostprocessing = 0;
		};
/* End PBXFrameworksBuildPhase section */

/* Begin PBXGroup section */
		255CC358C745D7AE4614AFC2 /* Frameworks */ = {
			isa = PBXGroup;
			children = (
				2690A4CEC546D14E92E7A3A5 /* Pods_phone.framework */,
			);
			name = Frameworks;
			sourceTree = "<group>";
		};
		30EC09F21F0ABB230071F2AD = {
			isa = PBXGroup;
			children = (
				30EC09FD1F0ABB230071F2AD /* phone */,
				30EC09FC1F0ABB230071F2AD /* Products */,
				E5CDD835524C3C59A6641CC8 /* Pods */,
				255CC358C745D7AE4614AFC2 /* Frameworks */,
			);
			sourceTree = "<group>";
		};
		30EC09FC1F0ABB230071F2AD /* Products */ = {
			isa = PBXGroup;
			children = (
				30EC09FB1F0ABB230071F2AD /* phone.app */,
			);
			name = Products;
			sourceTree = "<group>";
		};
		30EC09FD1F0ABB230071F2AD /* phone */ = {
			isa = PBXGroup;
			children = (
				30EC0A161F0ABE850071F2AD /* phone.entitlements */,
				30EC09FE1F0ABB230071F2AD /* AppDelegate.swift */,
				30EC0A001F0ABB230071F2AD /* ViewController.swift */,
				30EC0A101F0ABC280071F2AD /* verifyVC.swift */,
				30EC0A171F0AC01C0071F2AD /* GoogleService-Info.plist */,
				30EC0A121F0ABC3A0071F2AD /* phoneVC.swift */,
				30EC0A021F0ABB230071F2AD /* Main.storyboard */,
				30EC0A051F0ABB230071F2AD /* Assets.xcassets */,
				30EC0A071F0ABB230071F2AD /* LaunchScreen.storyboard */,
				30EC0A0A1F0ABB230071F2AD /* Info.plist */,
			);
			path = phone;
			sourceTree = "<group>";
		};
		E5CDD835524C3C59A6641CC8 /* Pods */ = {
			isa = PBXGroup;
			children = (
				34A55214AF96B67C774A13FB /* Pods-phone.debug.xcconfig */,
				4D5EE65BE4C6925B2AF10004 /* Pods-phone.release.xcconfig */,
			);
			name = Pods;
			sourceTree = "<group>";
		};
/* End PBXGroup section */

/* Begin PBXNativeTarget section */
		30EC09FA1F0ABB230071F2AD /* phone */ = {
			isa = PBXNativeTarget;
			buildConfigurationList = 30EC0A0D1F0ABB230071F2AD /* Build configuration list for PBXNativeTarget "phone" */;
			buildPhases = (
				09D573B55E990A976A4F5636 /* [CP] Check Pods Manifest.lock */,
				30EC09F71F0ABB230071F2AD /* Sources */,
				30EC09F81F0ABB230071F2AD /* Frameworks */,
				30EC09F91F0ABB230071F2AD /* Resources */,
				A788D6F059DA53144A097121 /* [CP] Embed Pods Frameworks */,
				0ABE3A74BD5E63C0FFEDC1FE /* [CP] Copy Pods Resources */,
			);
			buildRules = (
			);
			dependencies = (
			);
			name = phone;
			productName = phone;
			productReference = 30EC09FB1F0ABB230071F2AD /* phone.app */;
			productType = "com.apple.product-type.application";
		};
/* End PBXNativeTarget section */

/* Begin PBXProject section */
		30EC09F31F0ABB230071F2AD /* Project object */ = {
			isa = PBXProject;
			attributes = {
				LastSwiftUpdateCheck = 0830;
				LastUpgradeCheck = 0830;
				ORGANIZATIONNAME = "Sawkan Team";
				TargetAttributes = {
					30EC09FA1F0ABB230071F2AD = {
						CreatedOnToolsVersion = 8.3.3;
						DevelopmentTeam = 32PMAVYNTS;
						ProvisioningStyle = Automatic;
						SystemCapabilities = {
							com.apple.BackgroundModes = {
								enabled = 1;
							};
							com.apple.Push = {
								enabled = 1;
							};
						};
					};
				};
			};
			buildConfigurationList = 30EC09F61F0ABB230071F2AD /* Build configuration list for PBXProject "phone" */;
			compatibilityVersion = "Xcode 3.2";
			developmentRegion = English;
			hasScannedForEncodings = 0;
			knownRegions = (
				en,
				Base,
			);
			mainGroup = 30EC09F21F0ABB230071F2AD;
			productRefGroup = 30EC09FC1F0ABB230071F2AD /* Products */;
			projectDirPath = "";
			projectRoot = "";
			targets = (
				30EC09FA1F0ABB230071F2AD /* phone */,
			);
		};
/* End PBXProject section */

/* Begin PBXResourcesBuildPhase section */
		30EC09F91F0ABB230071F2AD /* Resources */ = {
			isa = PBXResourcesBuildPhase;
			buildActionMask = 2147483647;
			files = (
				30EC0A091F0ABB230071F2AD /* LaunchScreen.storyboard in Resources */,
				30EC0A181F0AC01C0071F2AD /* GoogleService-Info.plist in Resources */,
				30EC0A061F0ABB230071F2AD /* Assets.xcassets in Resources */,
				30EC0A041F0ABB230071F2AD /* Main.storyboard in Resources */,
			);
			runOnlyForDeploymentPostprocessing = 0;
		};
/* End PBXResourcesBuildPhase section */

/* Begin PBXShellScriptBuildPhase section */
		09D573B55E990A976A4F5636 /* [CP] Check Pods Manifest.lock */ = {
			isa = PBXShellScriptBuildPhase;
			buildActionMask = 2147483647;
			files = (
			);
			inputPaths = (
			);
			name = "[CP] Check Pods Manifest.lock";
			outputPaths = (
			);
			runOnlyForDeploymentPostprocessing = 0;
			shellPath = /bin/sh;
			shellScript = "diff \"${PODS_PODFILE_DIR_PATH}/Podfile.lock\" \"${PODS_ROOT}/Manifest.lock\" > /dev/null\nif [ $? != 0 ] ; then\n    # print error to STDERR\n    echo \"error: The sandbox is not in sync with the Podfile.lock. Run 'pod install' or update your CocoaPods installation.\" >&2\n    exit 1\nfi\n";
			showEnvVarsInLog = 0;
		};
		0ABE3A74BD5E63C0FFEDC1FE /* [CP] Copy Pods Resources */ = {
			isa = PBXShellScriptBuildPhase;
			buildActionMask = 2147483647;
			files = (
			);
			inputPaths = (
			);
			name = "[CP] Copy Pods Resources";
			outputPaths = (
			);
			runOnlyForDeploymentPostprocessing = 0;
			shellPath = /bin/sh;
			shellScript = "\"${SRCROOT}/Pods/Target Support Files/Pods-phone/Pods-phone-resources.sh\"\n";
			showEnvVarsInLog = 0;
		};
		A788D6F059DA53144A097121 /* [CP] Embed Pods Frameworks */ = {
			isa = PBXShellScriptBuildPhase;
			buildActionMask = 2147483647;
			files = (
			);
			inputPaths = (
			);
			name = "[CP] Embed Pods Frameworks";
			outputPaths = (
			);
			runOnlyForDeploymentPostprocessing = 0;
			shellPath = /bin/sh;
			shellScript = "\"${SRCROOT}/Pods/Target Support Files/Pods-phone/Pods-phone-frameworks.sh\"\n";
			showEnvVarsInLog = 0;
		};
/* End PBXShellScriptBuildPhase section */

/* Begin PBXSourcesBuildPhase section */
		30EC09F71F0ABB230071F2AD /* Sources */ = {
			isa = PBXSourcesBuildPhase;
			buildActionMask = 2147483647;
			files = (
				30EC0A111F0ABC280071F2AD /* verifyVC.swift in Sources */,
				30EC0A011F0ABB230071F2AD /* ViewController.swift in Sources */,
				30EC09FF1F0ABB230071F2AD /* AppDelegate.swift in Sources */,
				30EC0A131F0ABC3A0071F2AD /* phoneVC.swift in Sources */,
			);
			runOnlyForDeploymentPostprocessing = 0;
		};
/* End PBXSourcesBuildPhase section */

/* Begin PBXVariantGroup section */
		30EC0A021F0ABB230071F2AD /* Main.storyboard */ = {
			isa = PBXVariantGroup;
			children = (
				30EC0A031F0ABB230071F2AD /* Base */,
			);
			name = Main.storyboard;
			sourceTree = "<group>";
		};
		30EC0A071F0ABB230071F2AD /* LaunchScreen.storyboard */ = {
			isa = PBXVariantGroup;
			children = (
				30EC0A081F0ABB230071F2AD /* Base */,
			);
			name = LaunchScreen.storyboard;
			sourceTree = "<group>";
		};
/* End PBXVariantGroup section */

/* Begin XCBuildConfiguration section */
		30EC0A0B1F0ABB230071F2AD /* Debug */ = {
			isa = XCBuildConfiguration;
			buildSettings = {
				ALWAYS_SEARCH_USER_PATHS = NO;
				CLANG_ANALYZER_NONNULL = YES;
				CLANG_ANALYZER_NUMBER_OBJECT_CONVERSION = YES_AGGRESSIVE;
				CLANG_CXX_LANGUAGE_STANDARD = "gnu++0x";
				CLANG_CXX_LIBRARY = "libc++";
				CLANG_ENABLE_MODULES = YES;
				CLANG_ENABLE_OBJC_ARC = YES;
				CLANG_WARN_BOOL_CONVERSION = YES;
				CLANG_WARN_CONSTANT_CONVERSION = YES;
				CLANG_WARN_DIRECT_OBJC_ISA_USAGE = YES_ERROR;
				CLANG_WARN_DOCUMENTATION_COMMENTS = YES;
				CLANG_WARN_EMPTY_BODY = YES;
				CLANG_WARN_ENUM_CONVERSION = YES;
				CLANG_WARN_INFINITE_RECURSION = YES;
				CLANG_WARN_INT_CONVERSION = YES;
				CLANG_WARN_OBJC_ROOT_CLASS = YES_ERROR;
				CLANG_WARN_SUSPICIOUS_MOVE = YES;
				CLANG_WARN_UNREACHABLE_CODE = YES;
				CLANG_WARN__DUPLICATE_METHOD_MATCH = YES;
				"CODE_SIGN_IDENTITY[sdk=iphoneos*]" = "iPhone Developer";
				COPY_PHASE_STRIP = NO;
				DEBUG_INFORMATION_FORMAT = dwarf;
				ENABLE_STRICT_OBJC_MSGSEND = YES;
				ENABLE_TESTABILITY = YES;
				GCC_C_LANGUAGE_STANDARD = gnu99;
				GCC_DYNAMIC_NO_PIC = NO;
				GCC_NO_COMMON_BLOCKS = YES;
				GCC_OPTIMIZATION_LEVEL = 0;
				GCC_PREPROCESSOR_DEFINITIONS = (
					"DEBUG=1",
					"$(inherited)",
				);
				GCC_WARN_64_TO_32_BIT_CONVERSION = YES;
				GCC_WARN_ABOUT_RETURN_TYPE = YES_ERROR;
				GCC_WARN_UNDECLARED_SELECTOR = YES;
				GCC_WARN_UNINITIALIZED_AUTOS = YES_AGGRESSIVE;
				GCC_WARN_UNUSED_FUNCTION = YES;
				GCC_WARN_UNUSED_VARIABLE = YES;
				IPHONEOS_DEPLOYMENT_TARGET = 10.3;
				MTL_ENABLE_DEBUG_INFO = YES;
				ONLY_ACTIVE_ARCH = YES;
				SDKROOT = iphoneos;
				SWIFT_ACTIVE_COMPILATION_CONDITIONS = DEBUG;
				SWIFT_OPTIMIZATION_LEVEL = "-Onone";
			};
			name = Debug;
		};
		30EC0A0C1F0ABB230071F2AD /* Release */ = {
			isa = XCBuildConfiguration;
			buildSettings = {
				ALWAYS_SEARCH_USER_PATHS = NO;
				CLANG_ANALYZER_NONNULL = YES;
				CLANG_ANALYZER_NUMBER_OBJECT_CONVERSION = YES_AGGRESSIVE;
				CLANG_CXX_LANGUAGE_STANDARD = "gnu++0x";
				CLANG_CXX_LIBRARY = "libc++";
				CLANG_ENABLE_MODULES = YES;
				CLANG_ENABLE_OBJC_ARC = YES;
				CLANG_WARN_BOOL_CONVERSION = YES;
				CLANG_WARN_CONSTANT_CONVERSION = YES;
				CLANG_WARN_DIRECT_OBJC_ISA_USAGE = YES_ERROR;
				CLANG_WARN_DOCUMENTATION_COMMENTS = YES;
				CLANG_WARN_EMPTY_BODY = YES;
				CLANG_WARN_ENUM_CONVERSION = YES;
				CLANG_WARN_INFINITE_RECURSION = YES;
				CLANG_WARN_INT_CONVERSION = YES;
				CLANG_WARN_OBJC_ROOT_CLASS = YES_ERROR;
				CLANG_WARN_SUSPICIOUS_MOVE = YES;
				CLANG_WARN_UNREACHABLE_CODE = YES;
				CLANG_WARN__DUPLICATE_METHOD_MATCH = YES;
				"CODE_SIGN_IDENTITY[sdk=iphoneos*]" = "iPhone Developer";
				COPY_PHASE_STRIP = NO;
				DEBUG_INFORMATION_FORMAT = "dwarf-with-dsym";
				ENABLE_NS_ASSERTIONS = NO;
				ENABLE_STRICT_OBJC_MSGSEND = YES;
				GCC_C_LANGUAGE_STANDARD = gnu99;
				GCC_NO_COMMON_BLOCKS = YES;
				GCC_WARN_64_TO_32_BIT_CONVERSION = YES;
				GCC_WARN_ABOUT_RETURN_TYPE = YES_ERROR;
				GCC_WARN_UNDECLARED_SELECTOR = YES;
				GCC_WARN_UNINITIALIZED_AUTOS = YES_AGGRESSIVE;
				GCC_WARN_UNUSED_FUNCTION = YES;
				GCC_WARN_UNUSED_VARIABLE = YES;
				IPHONEOS_DEPLOYMENT_TARGET = 10.3;
				MTL_ENABLE_DEBUG_INFO = NO;
				SDKROOT = iphoneos;
				SWIFT_OPTIMIZATION_LEVEL = "-Owholemodule";
				VALIDATE_PRODUCT = YES;
			};
			name = Release;
		};
		30EC0A0E1F0ABB230071F2AD /* Debug */ = {
			isa = XCBuildConfiguration;
			baseConfigurationReference = 34A55214AF96B67C774A13FB /* Pods-phone.debug.xcconfig */;
			buildSettings = {
				ASSETCATALOG_COMPILER_APPICON_NAME = AppIcon;
				CODE_SIGN_ENTITLEMENTS = phone/phone.entitlements;
				DEVELOPMENT_TEAM = 32PMAVYNTS;
				INFOPLIST_FILE = phone/Info.plist;
				LD_RUNPATH_SEARCH_PATHS = "$(inherited) @executable_path/Frameworks";
				PRODUCT_BUNDLE_IDENTIFIER = com.sawkanInternet.phone2;
				PRODUCT_NAME = "$(TARGET_NAME)";
				SWIFT_VERSION = 3.0;
			};
			name = Debug;
		};
		30EC0A0F1F0ABB230071F2AD /* Release */ = {
			isa = XCBuildConfiguration;
			baseConfigurationReference = 4D5EE65BE4C6925B2AF10004 /* Pods-phone.release.xcconfig */;
			buildSettings = {
				ASSETCATALOG_COMPILER_APPICON_NAME = AppIcon;
				CODE_SIGN_ENTITLEMENTS = phone/phone.entitlements;
				DEVELOPMENT_TEAM = 32PMAVYNTS;
				INFOPLIST_FILE = phone/Info.plist;
				LD_RUNPATH_SEARCH_PATHS = "$(inherited) @executable_path/Frameworks";
				PRODUCT_BUNDLE_IDENTIFIER = com.sawkanInternet.phone2;
				PRODUCT_NAME = "$(TARGET_NAME)";
				SWIFT_VERSION = 3.0;
			};
			name = Release;
		};
/* End XCBuildConfiguration section */

/* Begin XCConfigurationList section */
		30EC09F61F0ABB230071F2AD /* Build configuration list for PBXProject "phone" */ = {
			isa = XCConfigurationList;
			buildConfigurations = (
				30EC0A0B1F0ABB230071F2AD /* Debug */,
				30EC0A0C1F0ABB230071F2AD /* Release */,
			);
			defaultConfigurationIsVisible = 0;
			defaultConfigurationName = Release;
		};
		30EC0A0D1F0ABB230071F2AD /* Build configuration list for PBXNativeTarget "phone" */ = {
			isa = XCConfigurationList;
			buildConfigurations = (
				30EC0A0E1F0ABB230071F2AD /* Debug */,
				30EC0A0F1F0ABB230071F2AD /* Release */,
			);
			defaultConfigurationIsVisible = 0;
			defaultConfigurationName = Release;
		};
/* End XCConfigurationList section */
	};
	rootObject = 30EC09F31F0ABB230071F2AD /* Project object */;
}
